{
  "requires": true,
  "lockfileVersion": 1,
  "dependencies": {
    "@projectstorm/geometry": {
      "version": "6.3.0",
      "resolved": "https://registry.npmjs.org/@projectstorm/geometry/-/geometry-6.3.0.tgz",
      "integrity": "sha512-Fc2JVAkZPnQMAKdn4FtAApvl40S+sUL9E2usRoXcnqRbwmhD3WHBLhmDIvUTArIyKJJOTzyQW4+O7+NcyrK9/Q=="
    },
    "@projectstorm/react-canvas-core": {
      "version": "6.3.0",
      "resolved": "https://registry.npmjs.org/@projectstorm/react-canvas-core/-/react-canvas-core-6.3.0.tgz",
      "integrity": "sha512-mChKZpdfrTWdGvg1OB0EOaCz5ovC6spY/MJfGtxYek5gU36mjoAXE+L6uLzjELTM3J/TJhDkm3Wd7jW9vCNUyA==",
      "requires": {
        "@projectstorm/geometry": "^6.3.0"
      }
    },
    "@projectstorm/react-diagrams": {
      "version": "6.3.0",
      "resolved": "https://registry.npmjs.org/@projectstorm/react-diagrams/-/react-diagrams-6.3.0.tgz",
      "integrity": "sha512-qHPhlTBsZk/iwXAPXMh6qzmk66+7U4cShSwXM/3OqDkrBi6yI7nLtdY5VhioO0qBhhOyR8v1C8oeYGFqY0pa8Q==",
      "requires": {
        "@projectstorm/react-diagrams-core": "^6.3.0",
        "@projectstorm/react-diagrams-defaults": "^6.3.0",
        "@projectstorm/react-diagrams-routing": "^6.3.0"
      }
    },
    "@projectstorm/react-diagrams-core": {
      "version": "6.3.0",
      "resolved": "https://registry.npmjs.org/@projectstorm/react-diagrams-core/-/react-diagrams-core-6.3.0.tgz",
      "integrity": "sha512-xdAA+Rz5vE0adNa/rloXvjDQ2MFlicmdcZHEFTrPH+nV8miAqhHimzbCge8ypAwQyVXS8CLdxUF2RQA/1B8Sng==",
      "requires": {
        "@projectstorm/geometry": "^6.3.0",
        "@projectstorm/react-canvas-core": "^6.3.0"
      }
    },
    "@projectstorm/react-diagrams-defaults": {
      "version": "6.3.0",
      "resolved": "https://registry.npmjs.org/@projectstorm/react-diagrams-defaults/-/react-diagrams-defaults-6.3.0.tgz",
      "integrity": "sha512-5qBFg9sSl3OlIt5Edv45uECgkjqjpg+PSRYderOXJjEQi3SYhf9l0YlfMzpTvt5GmVnyX7gQProyt/p/e4e9rQ==",
      "requires": {
        "@projectstorm/react-diagrams-core": "^6.3.0"
      }
    },
    "@projectstorm/react-diagrams-routing": {
      "version": "6.3.0",
      "resolved": "https://registry.npmjs.org/@projectstorm/react-diagrams-routing/-/react-diagrams-routing-6.3.0.tgz",
      "integrity": "sha512-kgq0MNrjbeEcpQceOORL/5bOQJNF70c/If2x/jqdEKfswzGC9VeUYOKZvzYCRhxsOcpn9hCA6+6Wkd8e4zFzYQ==",
      "requires": {
        "@projectstorm/geometry": "^6.3.0",
        "@projectstorm/react-diagrams-core": "^6.3.0",
        "@projectstorm/react-diagrams-defaults": "^6.3.0"
      }
    }
  }
}
